
Microsoft Visual Studio Solution File, Format Version 12.00
# Visual Studio 15
VisualStudioVersion = 15.0.28307.1062
MinimumVisualStudioVersion = 10.0.40219.1
Project("{F184B08F-C81C-45F6-A57F-5ABD9991F28F}") = "Web Login By @De4dot", "Web Login By @De4dot\Web Login By @De4dot.vbproj", "{FE5862ED-C5DD-4F26-9E64-9F1B5A61D77F}"
EndProject
Global
	GlobalSection(SolutionConfigurationPlatforms) = preSolution
		Debug|Any CPU = Debug|Any CPU
		Release|Any CPU = Release|Any CPU
	EndGlobalSection
	GlobalSection(ProjectConfigurationPlatforms) = postSolution
		{FE5862ED-C5DD-4F26-9E64-9F1B5A61D77F}.Debug|Any CPU.ActiveCfg = Debug|Any CPU
		{FE5862ED-C5DD-4F26-9E64-9F1B5A61D77F}.Debug|Any CPU.Build.0 = Debug|Any CPU
		{FE5862ED-C5DD-4F26-9E64-9F1B5A61D77F}.Release|Any CPU.ActiveCfg = Release|Any CPU
		{FE5862ED-C5DD-4F26-9E64-9F1B5A61D77F}.Release|Any CPU.Build.0 = Release|Any CPU
	EndGlobalSection
	GlobalSection(SolutionProperties) = preSolution
		HideSolutionNode = FALSE
	EndGlobalSection
	GlobalSection(ExtensibilityGlobals) = postSolution
		SolutionGuid = {5CC3D0C1-D748-44AF-8255-A0A00BDE1421}
	EndGlobalSection
EndGlobal
